
Microsoft Visual Studio Solution File, Format Version 12.00
# Visual Studio Version 17
VisualStudioVersion = 17.5.002.0
MinimumVisualStudioVersion = 10.0.40219.1
Project("{9A19103F-16F7-4668-BE54-9A1E7A4F7556}") = "Library", "Library\Library.csproj", "{4A19ACA9-6EDD-4909-AD19-5D95B274ADB7}"
EndProject
Project("{9A19103F-16F7-4668-BE54-9A1E7A4F7556}") = "Program", "Program\Program.csproj", "{026D4B3A-37E2-46A9-AA2B-3FB4AE79621B}"
EndProject
Global
	GlobalSection(SolutionConfigurationPlatforms) = preSolution
		Debug|Any CPU = Debug|Any CPU
		Release|Any CPU = Release|Any CPU
	EndGlobalSection
	GlobalSection(ProjectConfigurationPlatforms) = postSolution
		{4A19ACA9-6EDD-4909-AD19-5D95B274ADB7}.Debug|Any CPU.ActiveCfg = Debug|Any CPU
		{4A19ACA9-6EDD-4909-AD19-5D95B274ADB7}.Debug|Any CPU.Build.0 = Debug|Any CPU
		{4A19ACA9-6EDD-4909-AD19-5D95B274ADB7}.Release|Any CPU.ActiveCfg = Release|Any CPU
		{4A19ACA9-6EDD-4909-AD19-5D95B274ADB7}.Release|Any CPU.Build.0 = Release|Any CPU
		{026D4B3A-37E2-46A9-AA2B-3FB4AE79621B}.Debug|Any CPU.ActiveCfg = Debug|Any CPU
		{026D4B3A-37E2-46A9-AA2B-3FB4AE79621B}.Debug|Any CPU.Build.0 = Debug|Any CPU
		{026D4B3A-37E2-46A9-AA2B-3FB4AE79621B}.Release|Any CPU.ActiveCfg = Release|Any CPU
		{026D4B3A-37E2-46A9-AA2B-3FB4AE79621B}.Release|Any CPU.Build.0 = Release|Any CPU
	EndGlobalSection
	GlobalSection(SolutionProperties) = preSolution
		HideSolutionNode = FALSE
	EndGlobalSection
	GlobalSection(ExtensibilityGlobals) = postSolution
		SolutionGuid = {1AE1A9DA-A9C9-423F-9B0F-7CD35CB8112E}
	EndGlobalSection
EndGlobal
